
Microsoft Visual Studio Solution File, Format Version 12.00
# Visual Studio Version 17
VisualStudioVersion = 17.9.34728.123
MinimumVisualStudioVersion = 10.0.40219.1
Project("{9A19103F-16F7-4668-BE54-9A1E7A4F7556}") = "TayoWeb", "TayoWeb\TayoWeb.csproj", "{7515E734-E4CF-4BFD-BC26-0A9AF88EA864}"
EndProject
Project("{9A19103F-16F7-4668-BE54-9A1E7A4F7556}") = "Tayo.Models", "Tayo.Models\Tayo.Models.csproj", "{8CBA29E2-00EC-4181-A227-F53A989E3993}"
EndProject
Project("{9A19103F-16F7-4668-BE54-9A1E7A4F7556}") = "Tayo.DataAccess", "Tayo.DataAccess\Tayo.DataAccess.csproj", "{D82ABBCC-C44C-49E7-A448-8E31CE838463}"
EndProject
Project("{9A19103F-16F7-4668-BE54-9A1E7A4F7556}") = "Tayo.Utility", "Tayo.Utility\Tayo.Utility.csproj", "{E35C54BF-108E-407B-A7D7-EDC0967966E8}"
EndProject
Global
	GlobalSection(SolutionConfigurationPlatforms) = preSolution
		Debug|Any CPU = Debug|Any CPU
		Release|Any CPU = Release|Any CPU
	EndGlobalSection
	GlobalSection(ProjectConfigurationPlatforms) = postSolution
		{7515E734-E4CF-4BFD-BC26-0A9AF88EA864}.Debug|Any CPU.ActiveCfg = Debug|Any CPU
		{7515E734-E4CF-4BFD-BC26-0A9AF88EA864}.Debug|Any CPU.Build.0 = Debug|Any CPU
		{7515E734-E4CF-4BFD-BC26-0A9AF88EA864}.Release|Any CPU.ActiveCfg = Release|Any CPU
		{7515E734-E4CF-4BFD-BC26-0A9AF88EA864}.Release|Any CPU.Build.0 = Release|Any CPU
		{8CBA29E2-00EC-4181-A227-F53A989E3993}.Debug|Any CPU.ActiveCfg = Debug|Any CPU
		{8CBA29E2-00EC-4181-A227-F53A989E3993}.Debug|Any CPU.Build.0 = Debug|Any CPU
		{8CBA29E2-00EC-4181-A227-F53A989E3993}.Release|Any CPU.ActiveCfg = Release|Any CPU
		{8CBA29E2-00EC-4181-A227-F53A989E3993}.Release|Any CPU.Build.0 = Release|Any CPU
		{D82ABBCC-C44C-49E7-A448-8E31CE838463}.Debug|Any CPU.ActiveCfg = Debug|Any CPU
		{D82ABBCC-C44C-49E7-A448-8E31CE838463}.Debug|Any CPU.Build.0 = Debug|Any CPU
		{D82ABBCC-C44C-49E7-A448-8E31CE838463}.Release|Any CPU.ActiveCfg = Release|Any CPU
		{D82ABBCC-C44C-49E7-A448-8E31CE838463}.Release|Any CPU.Build.0 = Release|Any CPU
		{E35C54BF-108E-407B-A7D7-EDC0967966E8}.Debug|Any CPU.ActiveCfg = Debug|Any CPU
		{E35C54BF-108E-407B-A7D7-EDC0967966E8}.Debug|Any CPU.Build.0 = Debug|Any CPU
		{E35C54BF-108E-407B-A7D7-EDC0967966E8}.Release|Any CPU.ActiveCfg = Release|Any CPU
		{E35C54BF-108E-407B-A7D7-EDC0967966E8}.Release|Any CPU.Build.0 = Release|Any CPU
	EndGlobalSection
	GlobalSection(SolutionProperties) = preSolution
		HideSolutionNode = FALSE
	EndGlobalSection
	GlobalSection(ExtensibilityGlobals) = postSolution
		SolutionGuid = {9A2DF501-49B8-45F9-86D1-CE02E68764BA}
	EndGlobalSection
EndGlobal
